
Microsoft Visual Studio Solution File, Format Version 12.00
# Visual Studio Version 17
VisualStudioVersion = 17.0.32014.148
MinimumVisualStudioVersion = 10.0.40219.1
Project("{FAE04EC0-301F-11D3-BF4B-00C04F79EFBC}") = "Lopez_RoboDialer", "Lopez_RoboDialer.csproj", "{135758A4-593D-47F0-A887-6D5B8CDFBDFB}"
EndProject
Global
	GlobalSection(SolutionConfigurationPlatforms) = preSolution
		Debug|Any CPU = Debug|Any CPU
		Release|Any CPU = Release|Any CPU
	EndGlobalSection
	GlobalSection(ProjectConfigurationPlatforms) = postSolution
		{135758A4-593D-47F0-A887-6D5B8CDFBDFB}.Debug|Any CPU.ActiveCfg = Debug|Any CPU
		{135758A4-593D-47F0-A887-6D5B8CDFBDFB}.Debug|Any CPU.Build.0 = Debug|Any CPU
		{135758A4-593D-47F0-A887-6D5B8CDFBDFB}.Release|Any CPU.ActiveCfg = Release|Any CPU
		{135758A4-593D-47F0-A887-6D5B8CDFBDFB}.Release|Any CPU.Build.0 = Release|Any CPU
	EndGlobalSection
	GlobalSection(SolutionProperties) = preSolution
		HideSolutionNode = FALSE
	EndGlobalSection
	GlobalSection(ExtensibilityGlobals) = postSolution
		SolutionGuid = {49E58AF1-F0ED-4DCF-A910-3CEEF63357FB}
	EndGlobalSection
EndGlobal
